
Microsoft Visual Studio Solution File, Format Version 12.00
# Visual Studio Version 17
VisualStudioVersion = 17.0.31912.275
MinimumVisualStudioVersion = 10.0.40219.1
Project("{FAE04EC0-301F-11D3-BF4B-00C04F79EFBC}") = "RiftARENA", "RiftARENA\RiftARENA.csproj", "{8DC437A0-10F2-4322-957E-0A6BC6763802}"
EndProject
Global
	GlobalSection(SolutionConfigurationPlatforms) = preSolution
		Debug|Any CPU = Debug|Any CPU
		Release|Any CPU = Release|Any CPU
	EndGlobalSection
	GlobalSection(ProjectConfigurationPlatforms) = postSolution
		{8DC437A0-10F2-4322-957E-0A6BC6763802}.Debug|Any CPU.ActiveCfg = Debug|Any CPU
		{8DC437A0-10F2-4322-957E-0A6BC6763802}.Debug|Any CPU.Build.0 = Debug|Any CPU
		{8DC437A0-10F2-4322-957E-0A6BC6763802}.Release|Any CPU.ActiveCfg = Release|Any CPU
		{8DC437A0-10F2-4322-957E-0A6BC6763802}.Release|Any CPU.Build.0 = Release|Any CPU
	EndGlobalSection
	GlobalSection(SolutionProperties) = preSolution
		HideSolutionNode = FALSE
	EndGlobalSection
	GlobalSection(ExtensibilityGlobals) = postSolution
		SolutionGuid = {0B8C41E8-50D6-402F-8F3E-CE1398F179FA}
	EndGlobalSection
EndGlobal
