
Microsoft Visual Studio Solution File, Format Version 12.00
# Visual Studio Version 17
VisualStudioVersion = 17.0.31912.275
MinimumVisualStudioVersion = 10.0.40219.1
Project("{9A19103F-16F7-4668-BE54-9A1E7A4F7556}") = "RiftARENA", "RiftARENA\RiftARENA.csproj", "{8DC437A0-10F2-4322-957E-0A6BC6763802}"
EndProject
Project("{E53339B2-1760-4266-BCC7-CA923CBCF16C}") = "docker-compose", "docker-compose.dcproj", "{8BA3828E-9A73-4E26-B36B-600C2206744E}"
EndProject
Global
	GlobalSection(SolutionConfigurationPlatforms) = preSolution
		Debug|Any CPU = Debug|Any CPU
		Release|Any CPU = Release|Any CPU
	EndGlobalSection
	GlobalSection(ProjectConfigurationPlatforms) = postSolution
		{8DC437A0-10F2-4322-957E-0A6BC6763802}.Debug|Any CPU.ActiveCfg = Debug|Any CPU
		{8DC437A0-10F2-4322-957E-0A6BC6763802}.Debug|Any CPU.Build.0 = Debug|Any CPU
		{8DC437A0-10F2-4322-957E-0A6BC6763802}.Release|Any CPU.ActiveCfg = Release|Any CPU
		{8DC437A0-10F2-4322-957E-0A6BC6763802}.Release|Any CPU.Build.0 = Release|Any CPU
		{8BA3828E-9A73-4E26-B36B-600C2206744E}.Debug|Any CPU.ActiveCfg = Debug|Any CPU
		{8BA3828E-9A73-4E26-B36B-600C2206744E}.Debug|Any CPU.Build.0 = Debug|Any CPU
		{8BA3828E-9A73-4E26-B36B-600C2206744E}.Release|Any CPU.ActiveCfg = Release|Any CPU
		{8BA3828E-9A73-4E26-B36B-600C2206744E}.Release|Any CPU.Build.0 = Release|Any CPU
	EndGlobalSection
	GlobalSection(SolutionProperties) = preSolution
		HideSolutionNode = FALSE
	EndGlobalSection
	GlobalSection(ExtensibilityGlobals) = postSolution
		SolutionGuid = {0B8C41E8-50D6-402F-8F3E-CE1398F179FA}
	EndGlobalSection
EndGlobal
